// !$*UTF8*$!
{
	archiveVersion = 1;
	classes = {
	};
	objectVersion = 50;
	objects = {

/* Begin PBXBuildFile section */
		68F5BEAE2679CA5D001719FC /* AppDelegate.swift in Sources */ = {isa = PBXBuildFile; fileRef = 68F5BEAD2679CA5D001719FC /* AppDelegate.swift */; };
		68F5BEB02679CA5D001719FC /* SceneDelegate.swift in Sources */ = {isa = PBXBuildFile; fileRef = 68F5BEAF2679CA5D001719FC /* SceneDelegate.swift */; };
		68F5BEB22679CA5D001719FC /* ContentView.swift in Sources */ = {isa = PBXBuildFile; fileRef = 68F5BEB12679CA5D001719FC /* ContentView.swift */; };
		68F5BEB42679CA5E001719FC /* Assets.xcassets in Resources */ = {isa = PBXBuildFile; fileRef = 68F5BEB32679CA5E001719FC /* Assets.xcassets */; };
		68F5BEB72679CA5E001719FC /* Preview Assets.xcassets in Resources */ = {isa = PBXBuildFile; fileRef = 68F5BEB62679CA5E001719FC /* Preview Assets.xcassets */; };
		68F5BEBA2679CA5E001719FC /* LaunchScreen.storyboard in Resources */ = {isa = PBXBuildFile; fileRef = 68F5BEB82679CA5E001719FC /* LaunchScreen.storyboard */; };
		68F5BEC22679CAA0001719FC /* DataManager.swift in Sources */ = {isa = PBXBuildFile; fileRef = 68F5BEC12679CAA0001719FC /* DataManager.swift */; };
		68F5BEC42679CADC001719FC /* Person.swift in Sources */ = {isa = PBXBuildFile; fileRef = 68F5BEC32679CADC001719FC /* Person.swift */; };
		68F5BECA2679D10A001719FC /* ContactList.swift in Sources */ = {isa = PBXBuildFile; fileRef = 68F5BEC92679D10A001719FC /* ContactList.swift */; };
		68F5BECC2679D2B9001719FC /* Numbers.swift in Sources */ = {isa = PBXBuildFile; fileRef = 68F5BECB2679D2B9001719FC /* Numbers.swift */; };
		68F5BECF267A3AA6001719FC /* DetailsView.swift in Sources */ = {isa = PBXBuildFile; fileRef = 68F5BECE267A3AA6001719FC /* DetailsView.swift */; };
/* End PBXBuildFile section */

/* Begin PBXFileReference section */
		68F5BEAA2679CA5D001719FC /* HW-3.5-ContactList.app */ = {isa = PBXFileReference; explicitFileType = wrapper.application; includeInIndex = 0; path = "HW-3.5-ContactList.app"; sourceTree = BUILT_PRODUCTS_DIR; };
		68F5BEAD2679CA5D001719FC /* AppDelegate.swift */ = {isa = PBXFileReference; lastKnownFileType = sourcecode.swift; path = AppDelegate.swift; sourceTree = "<group>"; };
		68F5BEAF2679CA5D001719FC /* SceneDelegate.swift */ = {isa = PBXFileReference; lastKnownFileType = sourcecode.swift; path = SceneDelegate.swift; sourceTree = "<group>"; };
		68F5BEB12679CA5D001719FC /* ContentView.swift */ = {isa = PBXFileReference; lastKnownFileType = sourcecode.swift; path = ContentView.swift; sourceTree = "<group>"; };
		68F5BEB32679CA5E001719FC /* Assets.xcassets */ = {isa = PBXFileReference; lastKnownFileType = folder.assetcatalog; path = Assets.xcassets; sourceTree = "<group>"; };
		68F5BEB62679CA5E001719FC /* Preview Assets.xcassets */ = {isa = PBXFileReference; lastKnownFileType = folder.assetcatalog; path = "Preview Assets.xcassets"; sourceTree = "<group>"; };
		68F5BEB92679CA5E001719FC /* Base */ = {isa = PBXFileReference; lastKnownFileType = file.storyboard; name = Base; path = Base.lproj/LaunchScreen.storyboard; sourceTree = "<group>"; };
		68F5BEBB2679CA5E001719FC /* Info.plist */ = {isa = PBXFileReference; lastKnownFileType = text.plist.xml; path = Info.plist; sourceTree = "<group>"; };
		68F5BEC12679CAA0001719FC /* DataManager.swift */ = {isa = PBXFileReference; lastKnownFileType = sourcecode.swift; path = DataManager.swift; sourceTree = "<group>"; };
		68F5BEC32679CADC001719FC /* Person.swift */ = {isa = PBXFileReference; lastKnownFileType = sourcecode.swift; path = Person.swift; sourceTree = "<group>"; };
		68F5BEC92679D10A001719FC /* ContactList.swift */ = {isa = PBXFileReference; lastKnownFileType = sourcecode.swift; path = ContactList.swift; sourceTree = "<group>"; };
		68F5BECB2679D2B9001719FC /* Numbers.swift */ = {isa = PBXFileReference; lastKnownFileType = sourcecode.swift; path = Numbers.swift; sourceTree = "<group>"; };
		68F5BECE267A3AA6001719FC /* DetailsView.swift */ = {isa = PBXFileReference; lastKnownFileType = sourcecode.swift; path = DetailsView.swift; sourceTree = "<group>"; };
/* End PBXFileReference section */

/* Begin PBXFrameworksBuildPhase section */
		68F5BEA72679CA5D001719FC /* Frameworks */ = {
			isa = PBXFrameworksBuildPhase;
			buildActionMask = 2147483647;
			files = (
			);
			runOnlyForDeploymentPostprocessing = 0;
		};
/* End PBXFrameworksBuildPhase section */

/* Begin PBXGroup section */
		68F5BEA12679CA5D001719FC = {
			isa = PBXGroup;
			children = (
				68F5BEAC2679CA5D001719FC /* HW-3.5-ContactList */,
				68F5BEAB2679CA5D001719FC /* Products */,
			);
			sourceTree = "<group>";
		};
		68F5BEAB2679CA5D001719FC /* Products */ = {
			isa = PBXGroup;
			children = (
				68F5BEAA2679CA5D001719FC /* HW-3.5-ContactList.app */,
			);
			name = Products;
			sourceTree = "<group>";
		};
		68F5BEAC2679CA5D001719FC /* HW-3.5-ContactList */ = {
			isa = PBXGroup;
			children = (
				68F5BEB12679CA5D001719FC /* ContentView.swift */,
				68F5BECE267A3AA6001719FC /* DetailsView.swift */,
				68F5BEC92679D10A001719FC /* ContactList.swift */,
				68F5BECB2679D2B9001719FC /* Numbers.swift */,
				68F5BECD2679E717001719FC /* Models & Managers */,
				68F5BEB32679CA5E001719FC /* Assets.xcassets */,
				68F5BEAD2679CA5D001719FC /* AppDelegate.swift */,
				68F5BEAF2679CA5D001719FC /* SceneDelegate.swift */,
				68F5BEB82679CA5E001719FC /* LaunchScreen.storyboard */,
				68F5BEBB2679CA5E001719FC /* Info.plist */,
				68F5BEB52679CA5E001719FC /* Preview Content */,
			);
			path = "HW-3.5-ContactList";
			sourceTree = "<group>";
		};
		68F5BEB52679CA5E001719FC /* Preview Content */ = {
			isa = PBXGroup;
			children = (
				68F5BEB62679CA5E001719FC /* Preview Assets.xcassets */,
			);
			path = "Preview Content";
			sourceTree = "<group>";
		};
		68F5BECD2679E717001719FC /* Models & Managers */ = {
			isa = PBXGroup;
			children = (
				68F5BEC12679CAA0001719FC /* DataManager.swift */,
				68F5BEC32679CADC001719FC /* Person.swift */,
			);
			path = "Models & Managers";
			sourceTree = "<group>";
		};
/* End PBXGroup section */

/* Begin PBXNativeTarget section */
		68F5BEA92679CA5D001719FC /* HW-3.5-ContactList */ = {
			isa = PBXNativeTarget;
			buildConfigurationList = 68F5BEBE2679CA5E001719FC /* Build configuration list for PBXNativeTarget "HW-3.5-ContactList" */;
			buildPhases = (
				68F5BEA62679CA5D001719FC /* Sources */,
				68F5BEA72679CA5D001719FC /* Frameworks */,
				68F5BEA82679CA5D001719FC /* Resources */,
			);
			buildRules = (
			);
			dependencies = (
			);
			name = "HW-3.5-ContactList";
			productName = "HW-3.5-ContactList";
			productReference = 68F5BEAA2679CA5D001719FC /* HW-3.5-ContactList.app */;
			productType = "com.apple.product-type.application";
		};
/* End PBXNativeTarget section */

/* Begin PBXProject section */
		68F5BEA22679CA5D001719FC /* Project object */ = {
			isa = PBXProject;
			attributes = {
				LastSwiftUpdateCheck = 1250;
				LastUpgradeCheck = 1250;
				TargetAttributes = {
					68F5BEA92679CA5D001719FC = {
						CreatedOnToolsVersion = 12.5;
					};
				};
			};
			buildConfigurationList = 68F5BEA52679CA5D001719FC /* Build configuration list for PBXProject "HW-3.5-ContactList" */;
			compatibilityVersion = "Xcode 9.3";
			developmentRegion = en;
			hasScannedForEncodings = 0;
			knownRegions = (
				en,
				Base,
			);
			mainGroup = 68F5BEA12679CA5D001719FC;
			productRefGroup = 68F5BEAB2679CA5D001719FC /* Products */;
			projectDirPath = "";
			projectRoot = "";
			targets = (
				68F5BEA92679CA5D001719FC /* HW-3.5-ContactList */,
			);
		};
/* End PBXProject section */

/* Begin PBXResourcesBuildPhase section */
		68F5BEA82679CA5D001719FC /* Resources */ = {
			isa = PBXResourcesBuildPhase;
			buildActionMask = 2147483647;
			files = (
				68F5BEBA2679CA5E001719FC /* LaunchScreen.storyboard in Resources */,
				68F5BEB72679CA5E001719FC /* Preview Assets.xcassets in Resources */,
				68F5BEB42679CA5E001719FC /* Assets.xcassets in Resources */,
			);
			runOnlyForDeploymentPostprocessing = 0;
		};
/* End PBXResourcesBuildPhase section */

/* Begin PBXSourcesBuildPhase section */
		68F5BEA62679CA5D001719FC /* Sources */ = {
			isa = PBXSourcesBuildPhase;
			buildActionMask = 2147483647;
			files = (
				68F5BECA2679D10A001719FC /* ContactList.swift in Sources */,
				68F5BEC42679CADC001719FC /* Person.swift in Sources */,
				68F5BECC2679D2B9001719FC /* Numbers.swift in Sources */,
				68F5BEAE2679CA5D001719FC /* AppDelegate.swift in Sources */,
				68F5BEC22679CAA0001719FC /* DataManager.swift in Sources */,
				68F5BECF267A3AA6001719FC /* DetailsView.swift in Sources */,
				68F5BEB02679CA5D001719FC /* SceneDelegate.swift in Sources */,
				68F5BEB22679CA5D001719FC /* ContentView.swift in Sources */,
			);
			runOnlyForDeploymentPostprocessing = 0;
		};
/* End PBXSourcesBuildPhase section */

/* Begin PBXVariantGroup section */
		68F5BEB82679CA5E001719FC /* LaunchScreen.storyboard */ = {
			isa = PBXVariantGroup;
			children = (
				68F5BEB92679CA5E001719FC /* Base */,
			);
			name = LaunchScreen.storyboard;
			sourceTree = "<group>";
		};
/* End PBXVariantGroup section */

/* Begin XCBuildConfiguration section */
		68F5BEBC2679CA5E001719FC /* Debug */ = {
			isa = XCBuildConfiguration;
			buildSettings = {
				ALWAYS_SEARCH_USER_PATHS = NO;
				CLANG_ANALYZER_NONNULL = YES;
				CLANG_ANALYZER_NUMBER_OBJECT_CONVERSION = YES_AGGRESSIVE;
				CLANG_CXX_LANGUAGE_STANDARD = "gnu++14";
				CLANG_CXX_LIBRARY = "libc++";
				CLANG_ENABLE_MODULES = YES;
				CLANG_ENABLE_OBJC_ARC = YES;
				CLANG_ENABLE_OBJC_WEAK = YES;
				CLANG_WARN_BLOCK_CAPTURE_AUTORELEASING = YES;
				CLANG_WARN_BOOL_CONVERSION = YES;
				CLANG_WARN_COMMA = YES;
				CLANG_WARN_CONSTANT_CONVERSION = YES;
				CLANG_WARN_DEPRECATED_OBJC_IMPLEMENTATIONS = YES;
				CLANG_WARN_DIRECT_OBJC_ISA_USAGE = YES_ERROR;
				CLANG_WARN_DOCUMENTATION_COMMENTS = YES;
				CLANG_WARN_EMPTY_BODY = YES;
				CLANG_WARN_ENUM_CONVERSION = YES;
				CLANG_WARN_INFINITE_RECURSION = YES;
				CLANG_WARN_INT_CONVERSION = YES;
				CLANG_WARN_NON_LITERAL_NULL_CONVERSION = YES;
				CLANG_WARN_OBJC_IMPLICIT_RETAIN_SELF = YES;
				CLANG_WARN_OBJC_LITERAL_CONVERSION = YES;
				CLANG_WARN_OBJC_ROOT_CLASS = YES_ERROR;
				CLANG_WARN_QUOTED_INCLUDE_IN_FRAMEWORK_HEADER = YES;
				CLANG_WARN_RANGE_LOOP_ANALYSIS = YES;
				CLANG_WARN_STRICT_PROTOTYPES = YES;
				CLANG_WARN_SUSPICIOUS_MOVE = YES;
				CLANG_WARN_UNGUARDED_AVAILABILITY = YES_AGGRESSIVE;
				CLANG_WARN_UNREACHABLE_CODE = YES;
				CLANG_WARN__DUPLICATE_METHOD_MATCH = YES;
				COPY_PHASE_STRIP = NO;
				DEBUG_INFORMATION_FORMAT = dwarf;
				ENABLE_STRICT_OBJC_MSGSEND = YES;
				ENABLE_TESTABILITY = YES;
				GCC_C_LANGUAGE_STANDARD = gnu11;
				GCC_DYNAMIC_NO_PIC = NO;
				GCC_NO_COMMON_BLOCKS = YES;
				GCC_OPTIMIZATION_LEVEL = 0;
				GCC_PREPROCESSOR_DEFINITIONS = (
					"DEBUG=1",
					"$(inherited)",
				);
				GCC_WARN_64_TO_32_BIT_CONVERSION = YES;
				GCC_WARN_ABOUT_RETURN_TYPE = YES_ERROR;
				GCC_WARN_UNDECLARED_SELECTOR = YES;
				GCC_WARN_UNINITIALIZED_AUTOS = YES_AGGRESSIVE;
				GCC_WARN_UNUSED_FUNCTION = YES;
				GCC_WARN_UNUSED_VARIABLE = YES;
				IPHONEOS_DEPLOYMENT_TARGET = 14.5;
				MTL_ENABLE_DEBUG_INFO = INCLUDE_SOURCE;
				MTL_FAST_MATH = YES;
				ONLY_ACTIVE_ARCH = YES;
				SDKROOT = iphoneos;
				SWIFT_ACTIVE_COMPILATION_CONDITIONS = DEBUG;
				SWIFT_OPTIMIZATION_LEVEL = "-Onone";
			};
			name = Debug;
		};
		68F5BEBD2679CA5E001719FC /* Release */ = {
			isa = XCBuildConfiguration;
			buildSettings = {
				ALWAYS_SEARCH_USER_PATHS = NO;
				CLANG_ANALYZER_NONNULL = YES;
				CLANG_ANALYZER_NUMBER_OBJECT_CONVERSION = YES_AGGRESSIVE;
				CLANG_CXX_LANGUAGE_STANDARD = "gnu++14";
				CLANG_CXX_LIBRARY = "libc++";
				CLANG_ENABLE_MODULES = YES;
				CLANG_ENABLE_OBJC_ARC = YES;
				CLANG_ENABLE_OBJC_WEAK = YES;
				CLANG_WARN_BLOCK_CAPTURE_AUTORELEASING = YES;
				CLANG_WARN_BOOL_CONVERSION = YES;
				CLANG_WARN_COMMA = YES;
				CLANG_WARN_CONSTANT_CONVERSION = YES;
				CLANG_WARN_DEPRECATED_OBJC_IMPLEMENTATIONS = YES;
				CLANG_WARN_DIRECT_OBJC_ISA_USAGE = YES_ERROR;
				CLANG_WARN_DOCUMENTATION_COMMENTS = YES;
				CLANG_WARN_EMPTY_BODY = YES;
				CLANG_WARN_ENUM_CONVERSION = YES;
				CLANG_WARN_INFINITE_RECURSION = YES;
				CLANG_WARN_INT_CONVERSION = YES;
				CLANG_WARN_NON_LITERAL_NULL_CONVERSION = YES;
				CLANG_WARN_OBJC_IMPLICIT_RETAIN_SELF = YES;
				CLANG_WARN_OBJC_LITERAL_CONVERSION = YES;
				CLANG_WARN_OBJC_ROOT_CLASS = YES_ERROR;
				CLANG_WARN_QUOTED_INCLUDE_IN_FRAMEWORK_HEADER = YES;
				CLANG_WARN_RANGE_LOOP_ANALYSIS = YES;
				CLANG_WARN_STRICT_PROTOTYPES = YES;
				CLANG_WARN_SUSPICIOUS_MOVE = YES;
				CLANG_WARN_UNGUARDED_AVAILABILITY = YES_AGGRESSIVE;
				CLANG_WARN_UNREACHABLE_CODE = YES;
				CLANG_WARN__DUPLICATE_METHOD_MATCH = YES;
				COPY_PHASE_STRIP = NO;
				DEBUG_INFORMATION_FORMAT = "dwarf-with-dsym";
				ENABLE_NS_ASSERTIONS = NO;
				ENABLE_STRICT_OBJC_MSGSEND = YES;
				GCC_C_LANGUAGE_STANDARD = gnu11;
				GCC_NO_COMMON_BLOCKS = YES;
				GCC_WARN_64_TO_32_BIT_CONVERSION = YES;
				GCC_WARN_ABOUT_RETURN_TYPE = YES_ERROR;
				GCC_WARN_UNDECLARED_SELECTOR = YES;
				GCC_WARN_UNINITIALIZED_AUTOS = YES_AGGRESSIVE;
				GCC_WARN_UNUSED_FUNCTION = YES;
				GCC_WARN_UNUSED_VARIABLE = YES;
				IPHONEOS_DEPLOYMENT_TARGET = 14.5;
				MTL_ENABLE_DEBUG_INFO = NO;
				MTL_FAST_MATH = YES;
				SDKROOT = iphoneos;
				SWIFT_COMPILATION_MODE = wholemodule;
				SWIFT_OPTIMIZATION_LEVEL = "-O";
				VALIDATE_PRODUCT = YES;
			};
			name = Release;
		};
		68F5BEBF2679CA5E001719FC /* Debug */ = {
			isa = XCBuildConfiguration;
			buildSettings = {
				ASSETCATALOG_COMPILER_APPICON_NAME = AppIcon;
				ASSETCATALOG_COMPILER_GLOBAL_ACCENT_COLOR_NAME = AccentColor;
				CODE_SIGN_STYLE = Automatic;
				DEVELOPMENT_ASSET_PATHS = "\"HW-3.5-ContactList/Preview Content\"";
				DEVELOPMENT_TEAM = PK5GMP355X;
				ENABLE_PREVIEWS = YES;
				INFOPLIST_FILE = "HW-3.5-ContactList/Info.plist";
				LD_RUNPATH_SEARCH_PATHS = (
					"$(inherited)",
					"@executable_path/Frameworks",
				);
				PRODUCT_BUNDLE_IDENTIFIER = "ru.Kelevra.HW-3-5-ContactList";
				PRODUCT_NAME = "$(TARGET_NAME)";
				SWIFT_VERSION = 5.0;
				TARGETED_DEVICE_FAMILY = "1,2";
			};
			name = Debug;
		};
		68F5BEC02679CA5E001719FC /* Release */ = {
			isa = XCBuildConfiguration;
			buildSettings = {
				ASSETCATALOG_COMPILER_APPICON_NAME = AppIcon;
				ASSETCATALOG_COMPILER_GLOBAL_ACCENT_COLOR_NAME = AccentColor;
				CODE_SIGN_STYLE = Automatic;
				DEVELOPMENT_ASSET_PATHS = "\"HW-3.5-ContactList/Preview Content\"";
				DEVELOPMENT_TEAM = PK5GMP355X;
				ENABLE_PREVIEWS = YES;
				INFOPLIST_FILE = "HW-3.5-ContactList/Info.plist";
				LD_RUNPATH_SEARCH_PATHS = (
					"$(inherited)",
					"@executable_path/Frameworks",
				);
				PRODUCT_BUNDLE_IDENTIFIER = "ru.Kelevra.HW-3-5-ContactList";
				PRODUCT_NAME = "$(TARGET_NAME)";
				SWIFT_VERSION = 5.0;
				TARGETED_DEVICE_FAMILY = "1,2";
			};
			name = Release;
		};
/* End XCBuildConfiguration section */

/* Begin XCConfigurationList section */
		68F5BEA52679CA5D001719FC /* Build configuration list for PBXProject "HW-3.5-ContactList" */ = {
			isa = XCConfigurationList;
			buildConfigurations = (
				68F5BEBC2679CA5E001719FC /* Debug */,
				68F5BEBD2679CA5E001719FC /* Release */,
			);
			defaultConfigurationIsVisible = 0;
			defaultConfigurationName = Release;
		};
		68F5BEBE2679CA5E001719FC /* Build configuration list for PBXNativeTarget "HW-3.5-ContactList" */ = {
			isa = XCConfigurationList;
			buildConfigurations = (
				68F5BEBF2679CA5E001719FC /* Debug */,
				68F5BEC02679CA5E001719FC /* Release */,
			);
			defaultConfigurationIsVisible = 0;
			defaultConfigurationName = Release;
		};
/* End XCConfigurationList section */
	};
	rootObject = 68F5BEA22679CA5D001719FC /* Project object */;
}
